
Microsoft Visual Studio Solution File, Format Version 12.00
# Visual Studio Version 17
VisualStudioVersion = 17.14.36518.9 d17.14
MinimumVisualStudioVersion = 10.0.40219.1
Project("{FAE04EC0-301F-11D3-BF4B-00C04F79EFBC}") = "trpo_5_voroshilov", "trpo_5_voroshilov.csproj", "{1DE6A4F6-CA53-4594-92EF-C0825C77C39F}"
EndProject
Global
	GlobalSection(SolutionConfigurationPlatforms) = preSolution
		Debug|Any CPU = Debug|Any CPU
		Release|Any CPU = Release|Any CPU
	EndGlobalSection
	GlobalSection(ProjectConfigurationPlatforms) = postSolution
		{1DE6A4F6-CA53-4594-92EF-C0825C77C39F}.Debug|Any CPU.ActiveCfg = Debug|Any CPU
		{1DE6A4F6-CA53-4594-92EF-C0825C77C39F}.Debug|Any CPU.Build.0 = Debug|Any CPU
		{1DE6A4F6-CA53-4594-92EF-C0825C77C39F}.Release|Any CPU.ActiveCfg = Release|Any CPU
		{1DE6A4F6-CA53-4594-92EF-C0825C77C39F}.Release|Any CPU.Build.0 = Release|Any CPU
	EndGlobalSection
	GlobalSection(SolutionProperties) = preSolution
		HideSolutionNode = FALSE
	EndGlobalSection
	GlobalSection(ExtensibilityGlobals) = postSolution
		SolutionGuid = {308BFEFA-AF9B-48B6-B024-2E763E79F870}
	EndGlobalSection
EndGlobal
